// !$*UTF8*$!
{
	archiveVersion = 1;
	classes = {
	};
	objectVersion = 56;
	objects = {

/* Begin PBXBuildFile section */
		1262E9612C8342B200D730E3 /* NotificationCenter.swift in Sources */ = {isa = PBXBuildFile; fileRef = 1262E9602C8342B200D730E3 /* NotificationCenter.swift */; };
		1262E9632C83471400D730E3 /* RoutineService.swift in Sources */ = {isa = PBXBuildFile; fileRef = 1262E9622C83471400D730E3 /* RoutineService.swift */; };
		1262E9652C83475900D730E3 /* CreateRoutineViewModel.swift in Sources */ = {isa = PBXBuildFile; fileRef = 1262E9642C83475900D730E3 /* CreateRoutineViewModel.swift */; };
		1262E9672C8347B300D730E3 /* Date+Extension.swift in Sources */ = {isa = PBXBuildFile; fileRef = 1262E9662C8347B300D730E3 /* Date+Extension.swift */; };
		1262E9692C8347FD00D730E3 /* EditRoutinesViewModel.swift in Sources */ = {isa = PBXBuildFile; fileRef = 1262E9682C8347FD00D730E3 /* EditRoutinesViewModel.swift */; };
		1262E96B2C83486600D730E3 /* HomeViewModel.swift in Sources */ = {isa = PBXBuildFile; fileRef = 1262E96A2C83486600D730E3 /* HomeViewModel.swift */; };
		1262E96D2C8359FE00D730E3 /* Localizable.xcstrings in Resources */ = {isa = PBXBuildFile; fileRef = 1262E96C2C8359FE00D730E3 /* Localizable.xcstrings */; };
		1262E96F2C837B8400D730E3 /* oqloq-InfoPlist.xcstrings in Resources */ = {isa = PBXBuildFile; fileRef = 1262E96E2C837B8400D730E3 /* oqloq-InfoPlist.xcstrings */; };
		126E59362D062576005BC718 /* WidgetKit.framework in Frameworks */ = {isa = PBXBuildFile; fileRef = E69567892C71FA6900826C9B /* WidgetKit.framework */; };
		126E59372D062576005BC718 /* SwiftUI.framework in Frameworks */ = {isa = PBXBuildFile; fileRef = E695678B2C71FA6900826C9B /* SwiftUI.framework */; };
		126E593A2D062576005BC718 /* oqloqWidgetBundle.swift in Sources */ = {isa = PBXBuildFile; fileRef = 126E59392D062576005BC718 /* oqloqWidgetBundle.swift */; };
		126E593C2D062576005BC718 /* oqloqWidget.swift in Sources */ = {isa = PBXBuildFile; fileRef = 126E593B2D062576005BC718 /* oqloqWidget.swift */; };
		126E593E2D062577005BC718 /* Assets.xcassets in Resources */ = {isa = PBXBuildFile; fileRef = 126E593D2D062577005BC718 /* Assets.xcassets */; };
		126E59422D062577005BC718 /* oqloqWidgetExtension.appex in Embed Foundation Extensions */ = {isa = PBXBuildFile; fileRef = 126E59352D062576005BC718 /* oqloqWidgetExtension.appex */; settings = {ATTRIBUTES = (RemoveHeadersOnCopy, ); }; };
		1291C3E92D0DED6900139E8F /* OqloqView.swift in Sources */ = {isa = PBXBuildFile; fileRef = E6C490232C45E7D000B545B9 /* OqloqView.swift */; };
		1291C3EA2D0DEDB000139E8F /* PresentableRoutine.swift in Sources */ = {isa = PBXBuildFile; fileRef = E6C4902D2C45E9F400B545B9 /* PresentableRoutine.swift */; };
		1291C3EB2D0DEDF400139E8F /* ClockEngine.swift in Sources */ = {isa = PBXBuildFile; fileRef = E6C490292C45E92E00B545B9 /* ClockEngine.swift */; };
		1291C3EC2D0DEDF800139E8F /* ClockEngineInterface.swift in Sources */ = {isa = PBXBuildFile; fileRef = E6C490272C45E8D300B545B9 /* ClockEngineInterface.swift */; };
		1291C3ED2D0DEE0C00139E8F /* OqloqViewModel.swift in Sources */ = {isa = PBXBuildFile; fileRef = E6C490252C45E8A300B545B9 /* OqloqViewModel.swift */; };
		1291C3EE2D0DEE4300139E8F /* RoutineView.swift in Sources */ = {isa = PBXBuildFile; fileRef = E6C4902B2C45E98C00B545B9 /* RoutineView.swift */; };
		1291C3EF2D0DEE5D00139E8F /* Int+Extension.swift in Sources */ = {isa = PBXBuildFile; fileRef = E6C490302C45EA3D00B545B9 /* Int+Extension.swift */; };
		1291C3F02D0DEE8800139E8F /* Assets.xcassets in Resources */ = {isa = PBXBuildFile; fileRef = E68577BF2C45308100A95283 /* Assets.xcassets */; };
		12E2B2062C5FBFB900B71369 /* CreateRoutineView.swift in Sources */ = {isa = PBXBuildFile; fileRef = 12E2B2052C5FBFB900B71369 /* CreateRoutineView.swift */; };
		12E2B2092C5FC02800B71369 /* RoutineDTO.swift in Sources */ = {isa = PBXBuildFile; fileRef = 12E2B2082C5FC02800B71369 /* RoutineDTO.swift */; };
		12E2B20B2C5FC0E300B71369 /* Color+Extension.swift in Sources */ = {isa = PBXBuildFile; fileRef = 12E2B20A2C5FC0E300B71369 /* Color+Extension.swift */; };
		E6221E792C6C035400A3ED91 /* EditRoutinesView.swift in Sources */ = {isa = PBXBuildFile; fileRef = E6221E782C6C035400A3ED91 /* EditRoutinesView.swift */; };
		E6221E7B2C6C0DEA00A3ED91 /* RoutineListView.swift in Sources */ = {isa = PBXBuildFile; fileRef = E6221E7A2C6C0DEA00A3ED91 /* RoutineListView.swift */; };
		E68577BC2C45308000A95283 /* oqloqApp.swift in Sources */ = {isa = PBXBuildFile; fileRef = E68577BB2C45308000A95283 /* oqloqApp.swift */; };
		E68577BE2C45308000A95283 /* HomeView.swift in Sources */ = {isa = PBXBuildFile; fileRef = E68577BD2C45308000A95283 /* HomeView.swift */; };
		E68577C02C45308100A95283 /* Assets.xcassets in Resources */ = {isa = PBXBuildFile; fileRef = E68577BF2C45308100A95283 /* Assets.xcassets */; };
		E68577C32C45308100A95283 /* Preview Assets.xcassets in Resources */ = {isa = PBXBuildFile; fileRef = E68577C22C45308100A95283 /* Preview Assets.xcassets */; };
		E68577CD2C45308200A95283 /* oqloqTests.swift in Sources */ = {isa = PBXBuildFile; fileRef = E68577CC2C45308200A95283 /* oqloqTests.swift */; };
		E68577D72C45308200A95283 /* oqloqUITests.swift in Sources */ = {isa = PBXBuildFile; fileRef = E68577D62C45308200A95283 /* oqloqUITests.swift */; };
		E68577D92C45308200A95283 /* oqloqUITestsLaunchTests.swift in Sources */ = {isa = PBXBuildFile; fileRef = E68577D82C45308200A95283 /* oqloqUITestsLaunchTests.swift */; };
		E689A70A2C67AF8900C45E3E /* RealmRoutineService.swift in Sources */ = {isa = PBXBuildFile; fileRef = E689A7092C67AF8900C45E3E /* RealmRoutineService.swift */; };
		E689A70C2C67B01600C45E3E /* RoutineDTO+Extension.swift in Sources */ = {isa = PBXBuildFile; fileRef = E689A70B2C67B01600C45E3E /* RoutineDTO+Extension.swift */; };
		E695677E2C70F8E300826C9B /* RealmSwift in Frameworks */ = {isa = PBXBuildFile; productRef = E695677D2C70F8E300826C9B /* RealmSwift */; };
		E695677F2C70F8E300826C9B /* RealmSwift in Embed Frameworks */ = {isa = PBXBuildFile; productRef = E695677D2C70F8E300826C9B /* RealmSwift */; settings = {ATTRIBUTES = (CodeSignOnCopy, ); }; };
		E6C490212C45DF8700B545B9 /* RoutineDTOTests.swift in Sources */ = {isa = PBXBuildFile; fileRef = E6C490202C45DF8700B545B9 /* RoutineDTOTests.swift */; };
		E6C490242C45E7D000B545B9 /* OqloqView.swift in Sources */ = {isa = PBXBuildFile; fileRef = E6C490232C45E7D000B545B9 /* OqloqView.swift */; };
		E6C490262C45E8A300B545B9 /* OqloqViewModel.swift in Sources */ = {isa = PBXBuildFile; fileRef = E6C490252C45E8A300B545B9 /* OqloqViewModel.swift */; };
		E6C490282C45E8D300B545B9 /* ClockEngineInterface.swift in Sources */ = {isa = PBXBuildFile; fileRef = E6C490272C45E8D300B545B9 /* ClockEngineInterface.swift */; };
		E6C4902A2C45E92E00B545B9 /* ClockEngine.swift in Sources */ = {isa = PBXBuildFile; fileRef = E6C490292C45E92E00B545B9 /* ClockEngine.swift */; };
		E6C4902C2C45E98C00B545B9 /* RoutineView.swift in Sources */ = {isa = PBXBuildFile; fileRef = E6C4902B2C45E98C00B545B9 /* RoutineView.swift */; };
		E6C4902E2C45E9F400B545B9 /* PresentableRoutine.swift in Sources */ = {isa = PBXBuildFile; fileRef = E6C4902D2C45E9F400B545B9 /* PresentableRoutine.swift */; };
		E6C490312C45EA3D00B545B9 /* Int+Extension.swift in Sources */ = {isa = PBXBuildFile; fileRef = E6C490302C45EA3D00B545B9 /* Int+Extension.swift */; };
/* End PBXBuildFile section */

/* Begin PBXContainerItemProxy section */
		126E59402D062577005BC718 /* PBXContainerItemProxy */ = {
			isa = PBXContainerItemProxy;
			containerPortal = E68577B02C45308000A95283 /* Project object */;
			proxyType = 1;
			remoteGlobalIDString = 126E59342D062576005BC718;
			remoteInfo = oqloqWidgetExtension;
		};
		E68577C92C45308200A95283 /* PBXContainerItemProxy */ = {
			isa = PBXContainerItemProxy;
			containerPortal = E68577B02C45308000A95283 /* Project object */;
			proxyType = 1;
			remoteGlobalIDString = E68577B72C45308000A95283;
			remoteInfo = oqloq;
		};
		E68577D32C45308200A95283 /* PBXContainerItemProxy */ = {
			isa = PBXContainerItemProxy;
			containerPortal = E68577B02C45308000A95283 /* Project object */;
			proxyType = 1;
			remoteGlobalIDString = E68577B72C45308000A95283;
			remoteInfo = oqloq;
		};
/* End PBXContainerItemProxy section */

/* Begin PBXCopyFilesBuildPhase section */
		E69567802C70F8E300826C9B /* Embed Frameworks */ = {
			isa = PBXCopyFilesBuildPhase;
			buildActionMask = 2147483647;
			dstPath = "";
			dstSubfolderSpec = 10;
			files = (
				E695677F2C70F8E300826C9B /* RealmSwift in Embed Frameworks */,
			);
			name = "Embed Frameworks";
			runOnlyForDeploymentPostprocessing = 0;
		};
		E695679F2C71FA6C00826C9B /* Embed Foundation Extensions */ = {
			isa = PBXCopyFilesBuildPhase;
			buildActionMask = 2147483647;
			dstPath = "";
			dstSubfolderSpec = 13;
			files = (
				126E59422D062577005BC718 /* oqloqWidgetExtension.appex in Embed Foundation Extensions */,
			);
			name = "Embed Foundation Extensions";
			runOnlyForDeploymentPostprocessing = 0;
		};
/* End PBXCopyFilesBuildPhase section */

/* Begin PBXFileReference section */
		1262E9602C8342B200D730E3 /* NotificationCenter.swift */ = {isa = PBXFileReference; lastKnownFileType = sourcecode.swift; path = NotificationCenter.swift; sourceTree = "<group>"; };
		1262E9622C83471400D730E3 /* RoutineService.swift */ = {isa = PBXFileReference; lastKnownFileType = sourcecode.swift; path = RoutineService.swift; sourceTree = "<group>"; };
		1262E9642C83475900D730E3 /* CreateRoutineViewModel.swift */ = {isa = PBXFileReference; lastKnownFileType = sourcecode.swift; path = CreateRoutineViewModel.swift; sourceTree = "<group>"; };
		1262E9662C8347B300D730E3 /* Date+Extension.swift */ = {isa = PBXFileReference; lastKnownFileType = sourcecode.swift; path = "Date+Extension.swift"; sourceTree = "<group>"; };
		1262E9682C8347FD00D730E3 /* EditRoutinesViewModel.swift */ = {isa = PBXFileReference; lastKnownFileType = sourcecode.swift; path = EditRoutinesViewModel.swift; sourceTree = "<group>"; };
		1262E96A2C83486600D730E3 /* HomeViewModel.swift */ = {isa = PBXFileReference; lastKnownFileType = sourcecode.swift; path = HomeViewModel.swift; sourceTree = "<group>"; };
		1262E96C2C8359FE00D730E3 /* Localizable.xcstrings */ = {isa = PBXFileReference; lastKnownFileType = text.json.xcstrings; path = Localizable.xcstrings; sourceTree = "<group>"; };
		1262E96E2C837B8400D730E3 /* oqloq-InfoPlist.xcstrings */ = {isa = PBXFileReference; lastKnownFileType = text.json.xcstrings; path = "oqloq-InfoPlist.xcstrings"; sourceTree = "<group>"; };
		126E59352D062576005BC718 /* oqloqWidgetExtension.appex */ = {isa = PBXFileReference; explicitFileType = "wrapper.app-extension"; includeInIndex = 0; path = oqloqWidgetExtension.appex; sourceTree = BUILT_PRODUCTS_DIR; };
		126E59392D062576005BC718 /* oqloqWidgetBundle.swift */ = {isa = PBXFileReference; lastKnownFileType = sourcecode.swift; path = oqloqWidgetBundle.swift; sourceTree = "<group>"; };
		126E593B2D062576005BC718 /* oqloqWidget.swift */ = {isa = PBXFileReference; lastKnownFileType = sourcecode.swift; path = oqloqWidget.swift; sourceTree = "<group>"; };
		126E593D2D062577005BC718 /* Assets.xcassets */ = {isa = PBXFileReference; lastKnownFileType = folder.assetcatalog; path = Assets.xcassets; sourceTree = "<group>"; };
		126E593F2D062577005BC718 /* Info.plist */ = {isa = PBXFileReference; lastKnownFileType = text.plist.xml; path = Info.plist; sourceTree = "<group>"; };
		126E59462D062583005BC718 /* oqloqWidgetExtension.entitlements */ = {isa = PBXFileReference; lastKnownFileType = text.plist.entitlements; path = oqloqWidgetExtension.entitlements; sourceTree = "<group>"; };
		1291C3E62D0DDFED00139E8F /* oqloq.entitlements */ = {isa = PBXFileReference; lastKnownFileType = text.plist.entitlements; path = oqloq.entitlements; sourceTree = "<group>"; };
		12E2B2052C5FBFB900B71369 /* CreateRoutineView.swift */ = {isa = PBXFileReference; lastKnownFileType = sourcecode.swift; path = CreateRoutineView.swift; sourceTree = "<group>"; };
		12E2B2082C5FC02800B71369 /* RoutineDTO.swift */ = {isa = PBXFileReference; lastKnownFileType = sourcecode.swift; path = RoutineDTO.swift; sourceTree = "<group>"; };
		12E2B20A2C5FC0E300B71369 /* Color+Extension.swift */ = {isa = PBXFileReference; lastKnownFileType = sourcecode.swift; path = "Color+Extension.swift"; sourceTree = "<group>"; };
		E6221E782C6C035400A3ED91 /* EditRoutinesView.swift */ = {isa = PBXFileReference; lastKnownFileType = sourcecode.swift; path = EditRoutinesView.swift; sourceTree = "<group>"; };
		E6221E7A2C6C0DEA00A3ED91 /* RoutineListView.swift */ = {isa = PBXFileReference; lastKnownFileType = sourcecode.swift; path = RoutineListView.swift; sourceTree = "<group>"; };
		E68577B82C45308000A95283 /* oqloq.app */ = {isa = PBXFileReference; explicitFileType = wrapper.application; includeInIndex = 0; path = oqloq.app; sourceTree = BUILT_PRODUCTS_DIR; };
		E68577BB2C45308000A95283 /* oqloqApp.swift */ = {isa = PBXFileReference; lastKnownFileType = sourcecode.swift; path = oqloqApp.swift; sourceTree = "<group>"; };
		E68577BD2C45308000A95283 /* HomeView.swift */ = {isa = PBXFileReference; lastKnownFileType = sourcecode.swift; path = HomeView.swift; sourceTree = "<group>"; };
		E68577BF2C45308100A95283 /* Assets.xcassets */ = {isa = PBXFileReference; lastKnownFileType = folder.assetcatalog; path = Assets.xcassets; sourceTree = "<group>"; };
		E68577C22C45308100A95283 /* Preview Assets.xcassets */ = {isa = PBXFileReference; lastKnownFileType = folder.assetcatalog; path = "Preview Assets.xcassets"; sourceTree = "<group>"; };
		E68577C82C45308200A95283 /* oqloqTests.xctest */ = {isa = PBXFileReference; explicitFileType = wrapper.cfbundle; includeInIndex = 0; path = oqloqTests.xctest; sourceTree = BUILT_PRODUCTS_DIR; };
		E68577CC2C45308200A95283 /* oqloqTests.swift */ = {isa = PBXFileReference; lastKnownFileType = sourcecode.swift; path = oqloqTests.swift; sourceTree = "<group>"; };
		E68577D22C45308200A95283 /* oqloqUITests.xctest */ = {isa = PBXFileReference; explicitFileType = wrapper.cfbundle; includeInIndex = 0; path = oqloqUITests.xctest; sourceTree = BUILT_PRODUCTS_DIR; };
		E68577D62C45308200A95283 /* oqloqUITests.swift */ = {isa = PBXFileReference; lastKnownFileType = sourcecode.swift; path = oqloqUITests.swift; sourceTree = "<group>"; };
		E68577D82C45308200A95283 /* oqloqUITestsLaunchTests.swift */ = {isa = PBXFileReference; lastKnownFileType = sourcecode.swift; path = oqloqUITestsLaunchTests.swift; sourceTree = "<group>"; };
		E689A7092C67AF8900C45E3E /* RealmRoutineService.swift */ = {isa = PBXFileReference; lastKnownFileType = sourcecode.swift; path = RealmRoutineService.swift; sourceTree = "<group>"; };
		E689A70B2C67B01600C45E3E /* RoutineDTO+Extension.swift */ = {isa = PBXFileReference; lastKnownFileType = sourcecode.swift; path = "RoutineDTO+Extension.swift"; sourceTree = "<group>"; };
		E69567892C71FA6900826C9B /* WidgetKit.framework */ = {isa = PBXFileReference; lastKnownFileType = wrapper.framework; name = WidgetKit.framework; path = System/Library/Frameworks/WidgetKit.framework; sourceTree = SDKROOT; };
		E695678B2C71FA6900826C9B /* SwiftUI.framework */ = {isa = PBXFileReference; lastKnownFileType = wrapper.framework; name = SwiftUI.framework; path = System/Library/Frameworks/SwiftUI.framework; sourceTree = SDKROOT; };
		E6C490202C45DF8700B545B9 /* RoutineDTOTests.swift */ = {isa = PBXFileReference; lastKnownFileType = sourcecode.swift; path = RoutineDTOTests.swift; sourceTree = "<group>"; };
		E6C490232C45E7D000B545B9 /* OqloqView.swift */ = {isa = PBXFileReference; lastKnownFileType = sourcecode.swift; path = OqloqView.swift; sourceTree = "<group>"; };
		E6C490252C45E8A300B545B9 /* OqloqViewModel.swift */ = {isa = PBXFileReference; lastKnownFileType = sourcecode.swift; path = OqloqViewModel.swift; sourceTree = "<group>"; };
		E6C490272C45E8D300B545B9 /* ClockEngineInterface.swift */ = {isa = PBXFileReference; lastKnownFileType = sourcecode.swift; path = ClockEngineInterface.swift; sourceTree = "<group>"; };
		E6C490292C45E92E00B545B9 /* ClockEngine.swift */ = {isa = PBXFileReference; lastKnownFileType = sourcecode.swift; path = ClockEngine.swift; sourceTree = "<group>"; };
		E6C4902B2C45E98C00B545B9 /* RoutineView.swift */ = {isa = PBXFileReference; lastKnownFileType = sourcecode.swift; path = RoutineView.swift; sourceTree = "<group>"; };
		E6C4902D2C45E9F400B545B9 /* PresentableRoutine.swift */ = {isa = PBXFileReference; lastKnownFileType = sourcecode.swift; path = PresentableRoutine.swift; sourceTree = "<group>"; };
		E6C490302C45EA3D00B545B9 /* Int+Extension.swift */ = {isa = PBXFileReference; lastKnownFileType = sourcecode.swift; path = "Int+Extension.swift"; sourceTree = "<group>"; };
/* End PBXFileReference section */

/* Begin PBXFrameworksBuildPhase section */
		126E59322D062576005BC718 /* Frameworks */ = {
			isa = PBXFrameworksBuildPhase;
			buildActionMask = 2147483647;
			files = (
				126E59372D062576005BC718 /* SwiftUI.framework in Frameworks */,
				126E59362D062576005BC718 /* WidgetKit.framework in Frameworks */,
			);
			runOnlyForDeploymentPostprocessing = 0;
		};
		E68577B52C45308000A95283 /* Frameworks */ = {
			isa = PBXFrameworksBuildPhase;
			buildActionMask = 2147483647;
			files = (
				E695677E2C70F8E300826C9B /* RealmSwift in Frameworks */,
			);
			runOnlyForDeploymentPostprocessing = 0;
		};
		E68577C52C45308200A95283 /* Frameworks */ = {
			isa = PBXFrameworksBuildPhase;
			buildActionMask = 2147483647;
			files = (
			);
			runOnlyForDeploymentPostprocessing = 0;
		};
		E68577CF2C45308200A95283 /* Frameworks */ = {
			isa = PBXFrameworksBuildPhase;
			buildActionMask = 2147483647;
			files = (
			);
			runOnlyForDeploymentPostprocessing = 0;
		};
/* End PBXFrameworksBuildPhase section */

/* Begin PBXGroup section */
		126E59382D062576005BC718 /* oqloqWidget */ = {
			isa = PBXGroup;
			children = (
				126E59392D062576005BC718 /* oqloqWidgetBundle.swift */,
				126E593B2D062576005BC718 /* oqloqWidget.swift */,
				126E593D2D062577005BC718 /* Assets.xcassets */,
				126E593F2D062577005BC718 /* Info.plist */,
			);
			path = oqloqWidget;
			sourceTree = "<group>";
		};
		12E2B2072C5FC01000B71369 /* Persistence Module */ = {
			isa = PBXGroup;
			children = (
				E689A7082C67AF6100C45E3E /* RealmPersistenceService */,
			);
			path = "Persistence Module";
			sourceTree = "<group>";
		};
		E6221E762C6BFE9100A3ED91 /* Engine Module */ = {
			isa = PBXGroup;
			children = (
				E6C490332C45EBA400B545B9 /* Oqloq Engine */,
			);
			path = "Engine Module";
			sourceTree = "<group>";
		};
		E6221E772C6C033500A3ED91 /* EditRoutines */ = {
			isa = PBXGroup;
			children = (
				E6221E782C6C035400A3ED91 /* EditRoutinesView.swift */,
				E6221E7A2C6C0DEA00A3ED91 /* RoutineListView.swift */,
				1262E9682C8347FD00D730E3 /* EditRoutinesViewModel.swift */,
			);
			path = EditRoutines;
			sourceTree = "<group>";
		};
		E68577AF2C45308000A95283 = {
			isa = PBXGroup;
			children = (
				126E59462D062583005BC718 /* oqloqWidgetExtension.entitlements */,
				E68577BA2C45308000A95283 /* oqloq */,
				E68577CB2C45308200A95283 /* oqloqTests */,
				E68577D52C45308200A95283 /* oqloqUITests */,
				126E59382D062576005BC718 /* oqloqWidget */,
				E68577B92C45308000A95283 /* Products */,
				E695677C2C70F8E300826C9B /* Frameworks */,
			);
			sourceTree = "<group>";
		};
		E68577B92C45308000A95283 /* Products */ = {
			isa = PBXGroup;
			children = (
				E68577B82C45308000A95283 /* oqloq.app */,
				E68577C82C45308200A95283 /* oqloqTests.xctest */,
				E68577D22C45308200A95283 /* oqloqUITests.xctest */,
				126E59352D062576005BC718 /* oqloqWidgetExtension.appex */,
			);
			name = Products;
			sourceTree = "<group>";
		};
		E68577BA2C45308000A95283 /* oqloq */ = {
			isa = PBXGroup;
			children = (
				1291C3E62D0DDFED00139E8F /* oqloq.entitlements */,
				E6221E762C6BFE9100A3ED91 /* Engine Module */,
				12E2B2072C5FC01000B71369 /* Persistence Module */,
				E6C4902F2C45EA2700B545B9 /* Extensions */,
				E6C490222C45E7A000B545B9 /* Oqloq App */,
				E68577BB2C45308000A95283 /* oqloqApp.swift */,
				E68577BF2C45308100A95283 /* Assets.xcassets */,
				E68577C12C45308100A95283 /* Preview Content */,
				1262E96C2C8359FE00D730E3 /* Localizable.xcstrings */,
				1262E96E2C837B8400D730E3 /* oqloq-InfoPlist.xcstrings */,
			);
			path = oqloq;
			sourceTree = "<group>";
		};
		E68577C12C45308100A95283 /* Preview Content */ = {
			isa = PBXGroup;
			children = (
				E68577C22C45308100A95283 /* Preview Assets.xcassets */,
			);
			path = "Preview Content";
			sourceTree = "<group>";
		};
		E68577CB2C45308200A95283 /* oqloqTests */ = {
			isa = PBXGroup;
			children = (
				E68577CC2C45308200A95283 /* oqloqTests.swift */,
				E6C490202C45DF8700B545B9 /* RoutineDTOTests.swift */,
			);
			path = oqloqTests;
			sourceTree = "<group>";
		};
		E68577D52C45308200A95283 /* oqloqUITests */ = {
			isa = PBXGroup;
			children = (
				E68577D62C45308200A95283 /* oqloqUITests.swift */,
				E68577D82C45308200A95283 /* oqloqUITestsLaunchTests.swift */,
			);
			path = oqloqUITests;
			sourceTree = "<group>";
		};
		E689A7032C67AEB500C45E3E /* Home */ = {
			isa = PBXGroup;
			children = (
				E68577BD2C45308000A95283 /* HomeView.swift */,
				1262E96A2C83486600D730E3 /* HomeViewModel.swift */,
			);
			path = Home;
			sourceTree = "<group>";
		};
		E689A7042C67AEE200C45E3E /* Routine */ = {
			isa = PBXGroup;
			children = (
				E6C4902B2C45E98C00B545B9 /* RoutineView.swift */,
				E6C4902D2C45E9F400B545B9 /* PresentableRoutine.swift */,
			);
			path = Routine;
			sourceTree = "<group>";
		};
		E689A7052C67AF0000C45E3E /* Components */ = {
			isa = PBXGroup;
			children = (
				E6C490252C45E8A300B545B9 /* OqloqViewModel.swift */,
				E6C490232C45E7D000B545B9 /* OqloqView.swift */,
			);
			path = Components;
			sourceTree = "<group>";
		};
		E689A7062C67AF1B00C45E3E /* CreateRoutine */ = {
			isa = PBXGroup;
			children = (
				12E2B2052C5FBFB900B71369 /* CreateRoutineView.swift */,
				1262E9642C83475900D730E3 /* CreateRoutineViewModel.swift */,
			);
			path = CreateRoutine;
			sourceTree = "<group>";
		};
		E689A7072C67AF5700C45E3E /* Model */ = {
			isa = PBXGroup;
			children = (
				12E2B2082C5FC02800B71369 /* RoutineDTO.swift */,
			);
			path = Model;
			sourceTree = "<group>";
		};
		E689A7082C67AF6100C45E3E /* RealmPersistenceService */ = {
			isa = PBXGroup;
			children = (
				E689A7092C67AF8900C45E3E /* RealmRoutineService.swift */,
			);
			path = RealmPersistenceService;
			sourceTree = "<group>";
		};
		E695677C2C70F8E300826C9B /* Frameworks */ = {
			isa = PBXGroup;
			children = (
				E69567892C71FA6900826C9B /* WidgetKit.framework */,
				E695678B2C71FA6900826C9B /* SwiftUI.framework */,
			);
			name = Frameworks;
			sourceTree = "<group>";
		};
		E6C490222C45E7A000B545B9 /* Oqloq App */ = {
			isa = PBXGroup;
			children = (
				1262E9622C83471400D730E3 /* RoutineService.swift */,
				1262E9602C8342B200D730E3 /* NotificationCenter.swift */,
				E689A7072C67AF5700C45E3E /* Model */,
				E689A7052C67AF0000C45E3E /* Components */,
				E6C490322C45EB8600B545B9 /* Screens */,
			);
			path = "Oqloq App";
			sourceTree = "<group>";
		};
		E6C4902F2C45EA2700B545B9 /* Extensions */ = {
			isa = PBXGroup;
			children = (
				E6C490302C45EA3D00B545B9 /* Int+Extension.swift */,
				12E2B20A2C5FC0E300B71369 /* Color+Extension.swift */,
				E689A70B2C67B01600C45E3E /* RoutineDTO+Extension.swift */,
				1262E9662C8347B300D730E3 /* Date+Extension.swift */,
			);
			path = Extensions;
			sourceTree = "<group>";
		};
		E6C490322C45EB8600B545B9 /* Screens */ = {
			isa = PBXGroup;
			children = (
				E6221E772C6C033500A3ED91 /* EditRoutines */,
				E689A7062C67AF1B00C45E3E /* CreateRoutine */,
				E689A7042C67AEE200C45E3E /* Routine */,
				E689A7032C67AEB500C45E3E /* Home */,
			);
			path = Screens;
			sourceTree = "<group>";
		};
		E6C490332C45EBA400B545B9 /* Oqloq Engine */ = {
			isa = PBXGroup;
			children = (
				E6C490292C45E92E00B545B9 /* ClockEngine.swift */,
				E6C490272C45E8D300B545B9 /* ClockEngineInterface.swift */,
			);
			path = "Oqloq Engine";
			sourceTree = "<group>";
		};
/* End PBXGroup section */

/* Begin PBXNativeTarget section */
		126E59342D062576005BC718 /* oqloqWidgetExtension */ = {
			isa = PBXNativeTarget;
			buildConfigurationList = 126E59452D062577005BC718 /* Build configuration list for PBXNativeTarget "oqloqWidgetExtension" */;
			buildPhases = (
				126E59312D062576005BC718 /* Sources */,
				126E59322D062576005BC718 /* Frameworks */,
				126E59332D062576005BC718 /* Resources */,
			);
			buildRules = (
			);
			dependencies = (
			);
			name = oqloqWidgetExtension;
			productName = oqloqWidgetExtension;
			productReference = 126E59352D062576005BC718 /* oqloqWidgetExtension.appex */;
			productType = "com.apple.product-type.app-extension";
		};
		E68577B72C45308000A95283 /* oqloq */ = {
			isa = PBXNativeTarget;
			buildConfigurationList = E68577DC2C45308200A95283 /* Build configuration list for PBXNativeTarget "oqloq" */;
			buildPhases = (
				E68577B42C45308000A95283 /* Sources */,
				E68577B52C45308000A95283 /* Frameworks */,
				E68577B62C45308000A95283 /* Resources */,
				E69567802C70F8E300826C9B /* Embed Frameworks */,
				E695679F2C71FA6C00826C9B /* Embed Foundation Extensions */,
			);
			buildRules = (
			);
			dependencies = (
				126E59412D062577005BC718 /* PBXTargetDependency */,
			);
			name = oqloq;
			packageProductDependencies = (
				E695677D2C70F8E300826C9B /* RealmSwift */,
			);
			productName = oqloq;
			productReference = E68577B82C45308000A95283 /* oqloq.app */;
			productType = "com.apple.product-type.application";
		};
		E68577C72C45308200A95283 /* oqloqTests */ = {
			isa = PBXNativeTarget;
			buildConfigurationList = E68577DF2C45308200A95283 /* Build configuration list for PBXNativeTarget "oqloqTests" */;
			buildPhases = (
				E68577C42C45308200A95283 /* Sources */,
				E68577C52C45308200A95283 /* Frameworks */,
				E68577C62C45308200A95283 /* Resources */,
			);
			buildRules = (
			);
			dependencies = (
				E68577CA2C45308200A95283 /* PBXTargetDependency */,
			);
			name = oqloqTests;
			productName = oqloqTests;
			productReference = E68577C82C45308200A95283 /* oqloqTests.xctest */;
			productType = "com.apple.product-type.bundle.unit-test";
		};
		E68577D12C45308200A95283 /* oqloqUITests */ = {
			isa = PBXNativeTarget;
			buildConfigurationList = E68577E22C45308200A95283 /* Build configuration list for PBXNativeTarget "oqloqUITests" */;
			buildPhases = (
				E68577CE2C45308200A95283 /* Sources */,
				E68577CF2C45308200A95283 /* Frameworks */,
				E68577D02C45308200A95283 /* Resources */,
			);
			buildRules = (
			);
			dependencies = (
				E68577D42C45308200A95283 /* PBXTargetDependency */,
			);
			name = oqloqUITests;
			productName = oqloqUITests;
			productReference = E68577D22C45308200A95283 /* oqloqUITests.xctest */;
			productType = "com.apple.product-type.bundle.ui-testing";
		};
/* End PBXNativeTarget section */

/* Begin PBXProject section */
		E68577B02C45308000A95283 /* Project object */ = {
			isa = PBXProject;
			attributes = {
				BuildIndependentTargetsInParallel = 1;
				LastSwiftUpdateCheck = 1540;
				LastUpgradeCheck = 1540;
				TargetAttributes = {
					126E59342D062576005BC718 = {
						CreatedOnToolsVersion = 15.4;
					};
					E68577B72C45308000A95283 = {
						CreatedOnToolsVersion = 15.4;
					};
					E68577C72C45308200A95283 = {
						CreatedOnToolsVersion = 15.4;
						TestTargetID = E68577B72C45308000A95283;
					};
					E68577D12C45308200A95283 = {
						CreatedOnToolsVersion = 15.4;
						TestTargetID = E68577B72C45308000A95283;
					};
				};
			};
			buildConfigurationList = E68577B32C45308000A95283 /* Build configuration list for PBXProject "oqloq" */;
			compatibilityVersion = "Xcode 14.0";
			developmentRegion = en;
			hasScannedForEncodings = 0;
			knownRegions = (
				en,
				Base,
				tr,
				de,
				fr,
				ja,
				es,
				"zh-Hans",
				"zh-Hant",
				ko,
				"pt-BR",
				ar,
				ru,
				th,
				hi,
				vi,
			);
			mainGroup = E68577AF2C45308000A95283;
			packageReferences = (
				E695677B2C70F7C500826C9B /* XCRemoteSwiftPackageReference "realm-swift" */,
			);
			productRefGroup = E68577B92C45308000A95283 /* Products */;
			projectDirPath = "";
			projectRoot = "";
			targets = (
				E68577B72C45308000A95283 /* oqloq */,
				E68577C72C45308200A95283 /* oqloqTests */,
				E68577D12C45308200A95283 /* oqloqUITests */,
				126E59342D062576005BC718 /* oqloqWidgetExtension */,
			);
		};
/* End PBXProject section */

/* Begin PBXResourcesBuildPhase section */
		126E59332D062576005BC718 /* Resources */ = {
			isa = PBXResourcesBuildPhase;
			buildActionMask = 2147483647;
			files = (
				1291C3F02D0DEE8800139E8F /* Assets.xcassets in Resources */,
				126E593E2D062577005BC718 /* Assets.xcassets in Resources */,
			);
			runOnlyForDeploymentPostprocessing = 0;
		};
		E68577B62C45308000A95283 /* Resources */ = {
			isa = PBXResourcesBuildPhase;
			buildActionMask = 2147483647;
			files = (
				E68577C32C45308100A95283 /* Preview Assets.xcassets in Resources */,
				1262E96F2C837B8400D730E3 /* oqloq-InfoPlist.xcstrings in Resources */,
				E68577C02C45308100A95283 /* Assets.xcassets in Resources */,
				1262E96D2C8359FE00D730E3 /* Localizable.xcstrings in Resources */,
			);
			runOnlyForDeploymentPostprocessing = 0;
		};
		E68577C62C45308200A95283 /* Resources */ = {
			isa = PBXResourcesBuildPhase;
			buildActionMask = 2147483647;
			files = (
			);
			runOnlyForDeploymentPostprocessing = 0;
		};
		E68577D02C45308200A95283 /* Resources */ = {
			isa = PBXResourcesBuildPhase;
			buildActionMask = 2147483647;
			files = (
			);
			runOnlyForDeploymentPostprocessing = 0;
		};
/* End PBXResourcesBuildPhase section */

/* Begin PBXSourcesBuildPhase section */
		126E59312D062576005BC718 /* Sources */ = {
			isa = PBXSourcesBuildPhase;
			buildActionMask = 2147483647;
			files = (
				1291C3EC2D0DEDF800139E8F /* ClockEngineInterface.swift in Sources */,
				1291C3ED2D0DEE0C00139E8F /* OqloqViewModel.swift in Sources */,
				1291C3EB2D0DEDF400139E8F /* ClockEngine.swift in Sources */,
				1291C3EF2D0DEE5D00139E8F /* Int+Extension.swift in Sources */,
				126E593C2D062576005BC718 /* oqloqWidget.swift in Sources */,
				1291C3E92D0DED6900139E8F /* OqloqView.swift in Sources */,
				1291C3EE2D0DEE4300139E8F /* RoutineView.swift in Sources */,
				1291C3EA2D0DEDB000139E8F /* PresentableRoutine.swift in Sources */,
				126E593A2D062576005BC718 /* oqloqWidgetBundle.swift in Sources */,
			);
			runOnlyForDeploymentPostprocessing = 0;
		};
		E68577B42C45308000A95283 /* Sources */ = {
			isa = PBXSourcesBuildPhase;
			buildActionMask = 2147483647;
			files = (
				E689A70A2C67AF8900C45E3E /* RealmRoutineService.swift in Sources */,
				1262E96B2C83486600D730E3 /* HomeViewModel.swift in Sources */,
				E6221E792C6C035400A3ED91 /* EditRoutinesView.swift in Sources */,
				E6C490282C45E8D300B545B9 /* ClockEngineInterface.swift in Sources */,
				1262E9612C8342B200D730E3 /* NotificationCenter.swift in Sources */,
				E68577BE2C45308000A95283 /* HomeView.swift in Sources */,
				1262E9672C8347B300D730E3 /* Date+Extension.swift in Sources */,
				E6C490242C45E7D000B545B9 /* OqloqView.swift in Sources */,
				1262E9652C83475900D730E3 /* CreateRoutineViewModel.swift in Sources */,
				E6C490312C45EA3D00B545B9 /* Int+Extension.swift in Sources */,
				E6C490262C45E8A300B545B9 /* OqloqViewModel.swift in Sources */,
				E6C4902C2C45E98C00B545B9 /* RoutineView.swift in Sources */,
				12E2B2092C5FC02800B71369 /* RoutineDTO.swift in Sources */,
				12E2B20B2C5FC0E300B71369 /* Color+Extension.swift in Sources */,
				1262E9692C8347FD00D730E3 /* EditRoutinesViewModel.swift in Sources */,
				1262E9632C83471400D730E3 /* RoutineService.swift in Sources */,
				E6C4902A2C45E92E00B545B9 /* ClockEngine.swift in Sources */,
				E6C4902E2C45E9F400B545B9 /* PresentableRoutine.swift in Sources */,
				E68577BC2C45308000A95283 /* oqloqApp.swift in Sources */,
				E6221E7B2C6C0DEA00A3ED91 /* RoutineListView.swift in Sources */,
				E689A70C2C67B01600C45E3E /* RoutineDTO+Extension.swift in Sources */,
				12E2B2062C5FBFB900B71369 /* CreateRoutineView.swift in Sources */,
			);
			runOnlyForDeploymentPostprocessing = 0;
		};
		E68577C42C45308200A95283 /* Sources */ = {
			isa = PBXSourcesBuildPhase;
			buildActionMask = 2147483647;
			files = (
				E6C490212C45DF8700B545B9 /* RoutineDTOTests.swift in Sources */,
				E68577CD2C45308200A95283 /* oqloqTests.swift in Sources */,
			);
			runOnlyForDeploymentPostprocessing = 0;
		};
		E68577CE2C45308200A95283 /* Sources */ = {
			isa = PBXSourcesBuildPhase;
			buildActionMask = 2147483647;
			files = (
				E68577D72C45308200A95283 /* oqloqUITests.swift in Sources */,
				E68577D92C45308200A95283 /* oqloqUITestsLaunchTests.swift in Sources */,
			);
			runOnlyForDeploymentPostprocessing = 0;
		};
/* End PBXSourcesBuildPhase section */

/* Begin PBXTargetDependency section */
		126E59412D062577005BC718 /* PBXTargetDependency */ = {
			isa = PBXTargetDependency;
			target = 126E59342D062576005BC718 /* oqloqWidgetExtension */;
			targetProxy = 126E59402D062577005BC718 /* PBXContainerItemProxy */;
		};
		E68577CA2C45308200A95283 /* PBXTargetDependency */ = {
			isa = PBXTargetDependency;
			target = E68577B72C45308000A95283 /* oqloq */;
			targetProxy = E68577C92C45308200A95283 /* PBXContainerItemProxy */;
		};
		E68577D42C45308200A95283 /* PBXTargetDependency */ = {
			isa = PBXTargetDependency;
			target = E68577B72C45308000A95283 /* oqloq */;
			targetProxy = E68577D32C45308200A95283 /* PBXContainerItemProxy */;
		};
/* End PBXTargetDependency section */

/* Begin XCBuildConfiguration section */
		126E59432D062577005BC718 /* Debug */ = {
			isa = XCBuildConfiguration;
			buildSettings = {
				ASSETCATALOG_COMPILER_GLOBAL_ACCENT_COLOR_NAME = AccentColor;
				ASSETCATALOG_COMPILER_WIDGET_BACKGROUND_COLOR_NAME = WidgetBackground;
				CODE_SIGN_ENTITLEMENTS = oqloqWidgetExtension.entitlements;
				CODE_SIGN_STYLE = Automatic;
				CURRENT_PROJECT_VERSION = 1;
				DEVELOPMENT_TEAM = RPQ3VF2JBZ;
				GENERATE_INFOPLIST_FILE = YES;
				INFOPLIST_FILE = oqloqWidget/Info.plist;
				INFOPLIST_KEY_CFBundleDisplayName = oqloqWidget;
				INFOPLIST_KEY_NSHumanReadableCopyright = "";
				IPHONEOS_DEPLOYMENT_TARGET = 17.5;
				LD_RUNPATH_SEARCH_PATHS = (
					"$(inherited)",
					"@executable_path/Frameworks",
					"@executable_path/../../Frameworks",
				);
				MARKETING_VERSION = 1.0;
				PRODUCT_BUNDLE_IDENTIFIER = mfsaglam.routineClock.oqloqWidget;
				PRODUCT_NAME = "$(TARGET_NAME)";
				SKIP_INSTALL = YES;
				SWIFT_EMIT_LOC_STRINGS = YES;
				SWIFT_VERSION = 5.0;
				TARGETED_DEVICE_FAMILY = "1,2";
			};
			name = Debug;
		};
		126E59442D062577005BC718 /* Release */ = {
			isa = XCBuildConfiguration;
			buildSettings = {
				ASSETCATALOG_COMPILER_GLOBAL_ACCENT_COLOR_NAME = AccentColor;
				ASSETCATALOG_COMPILER_WIDGET_BACKGROUND_COLOR_NAME = WidgetBackground;
				CODE_SIGN_ENTITLEMENTS = oqloqWidgetExtension.entitlements;
				CODE_SIGN_STYLE = Automatic;
				CURRENT_PROJECT_VERSION = 1;
				DEVELOPMENT_TEAM = RPQ3VF2JBZ;
				GENERATE_INFOPLIST_FILE = YES;
				INFOPLIST_FILE = oqloqWidget/Info.plist;
				INFOPLIST_KEY_CFBundleDisplayName = oqloqWidget;
				INFOPLIST_KEY_NSHumanReadableCopyright = "";
				IPHONEOS_DEPLOYMENT_TARGET = 17.5;
				LD_RUNPATH_SEARCH_PATHS = (
					"$(inherited)",
					"@executable_path/Frameworks",
					"@executable_path/../../Frameworks",
				);
				MARKETING_VERSION = 1.0;
				PRODUCT_BUNDLE_IDENTIFIER = mfsaglam.routineClock.oqloqWidget;
				PRODUCT_NAME = "$(TARGET_NAME)";
				SKIP_INSTALL = YES;
				SWIFT_EMIT_LOC_STRINGS = YES;
				SWIFT_VERSION = 5.0;
				TARGETED_DEVICE_FAMILY = "1,2";
			};
			name = Release;
		};
		E68577DA2C45308200A95283 /* Debug */ = {
			isa = XCBuildConfiguration;
			buildSettings = {
				ALWAYS_SEARCH_USER_PATHS = NO;
				ASSETCATALOG_COMPILER_GENERATE_SWIFT_ASSET_SYMBOL_EXTENSIONS = YES;
				CLANG_ANALYZER_NONNULL = YES;
				CLANG_ANALYZER_NUMBER_OBJECT_CONVERSION = YES_AGGRESSIVE;
				CLANG_CXX_LANGUAGE_STANDARD = "gnu++20";
				CLANG_ENABLE_MODULES = YES;
				CLANG_ENABLE_OBJC_ARC = YES;
				CLANG_ENABLE_OBJC_WEAK = YES;
				CLANG_WARN_BLOCK_CAPTURE_AUTORELEASING = YES;
				CLANG_WARN_BOOL_CONVERSION = YES;
				CLANG_WARN_COMMA = YES;
				CLANG_WARN_CONSTANT_CONVERSION = YES;
				CLANG_WARN_DEPRECATED_OBJC_IMPLEMENTATIONS = YES;
				CLANG_WARN_DIRECT_OBJC_ISA_USAGE = YES_ERROR;
				CLANG_WARN_DOCUMENTATION_COMMENTS = YES;
				CLANG_WARN_EMPTY_BODY = YES;
				CLANG_WARN_ENUM_CONVERSION = YES;
				CLANG_WARN_INFINITE_RECURSION = YES;
				CLANG_WARN_INT_CONVERSION = YES;
				CLANG_WARN_NON_LITERAL_NULL_CONVERSION = YES;
				CLANG_WARN_OBJC_IMPLICIT_RETAIN_SELF = YES;
				CLANG_WARN_OBJC_LITERAL_CONVERSION = YES;
				CLANG_WARN_OBJC_ROOT_CLASS = YES_ERROR;
				CLANG_WARN_QUOTED_INCLUDE_IN_FRAMEWORK_HEADER = YES;
				CLANG_WARN_RANGE_LOOP_ANALYSIS = YES;
				CLANG_WARN_STRICT_PROTOTYPES = YES;
				CLANG_WARN_SUSPICIOUS_MOVE = YES;
				CLANG_WARN_UNGUARDED_AVAILABILITY = YES_AGGRESSIVE;
				CLANG_WARN_UNREACHABLE_CODE = YES;
				CLANG_WARN__DUPLICATE_METHOD_MATCH = YES;
				COPY_PHASE_STRIP = NO;
				DEBUG_INFORMATION_FORMAT = dwarf;
				ENABLE_STRICT_OBJC_MSGSEND = YES;
				ENABLE_TESTABILITY = YES;
				ENABLE_USER_SCRIPT_SANDBOXING = YES;
				GCC_C_LANGUAGE_STANDARD = gnu17;
				GCC_DYNAMIC_NO_PIC = NO;
				GCC_NO_COMMON_BLOCKS = YES;
				GCC_OPTIMIZATION_LEVEL = 0;
				GCC_PREPROCESSOR_DEFINITIONS = (
					"DEBUG=1",
					"$(inherited)",
				);
				GCC_WARN_64_TO_32_BIT_CONVERSION = YES;
				GCC_WARN_ABOUT_RETURN_TYPE = YES_ERROR;
				GCC_WARN_UNDECLARED_SELECTOR = YES;
				GCC_WARN_UNINITIALIZED_AUTOS = YES_AGGRESSIVE;
				GCC_WARN_UNUSED_FUNCTION = YES;
				GCC_WARN_UNUSED_VARIABLE = YES;
				IPHONEOS_DEPLOYMENT_TARGET = 15.0;
				LOCALIZATION_PREFERS_STRING_CATALOGS = YES;
				MTL_ENABLE_DEBUG_INFO = INCLUDE_SOURCE;
				MTL_FAST_MATH = YES;
				ONLY_ACTIVE_ARCH = YES;
				SDKROOT = iphoneos;
				SWIFT_ACTIVE_COMPILATION_CONDITIONS = "DEBUG $(inherited)";
				SWIFT_OPTIMIZATION_LEVEL = "-Onone";
			};
			name = Debug;
		};
		E68577DB2C45308200A95283 /* Release */ = {
			isa = XCBuildConfiguration;
			buildSettings = {
				ALWAYS_SEARCH_USER_PATHS = NO;
				ASSETCATALOG_COMPILER_GENERATE_SWIFT_ASSET_SYMBOL_EXTENSIONS = YES;
				CLANG_ANALYZER_NONNULL = YES;
				CLANG_ANALYZER_NUMBER_OBJECT_CONVERSION = YES_AGGRESSIVE;
				CLANG_CXX_LANGUAGE_STANDARD = "gnu++20";
				CLANG_ENABLE_MODULES = YES;
				CLANG_ENABLE_OBJC_ARC = YES;
				CLANG_ENABLE_OBJC_WEAK = YES;
				CLANG_WARN_BLOCK_CAPTURE_AUTORELEASING = YES;
				CLANG_WARN_BOOL_CONVERSION = YES;
				CLANG_WARN_COMMA = YES;
				CLANG_WARN_CONSTANT_CONVERSION = YES;
				CLANG_WARN_DEPRECATED_OBJC_IMPLEMENTATIONS = YES;
				CLANG_WARN_DIRECT_OBJC_ISA_USAGE = YES_ERROR;
				CLANG_WARN_DOCUMENTATION_COMMENTS = YES;
				CLANG_WARN_EMPTY_BODY = YES;
				CLANG_WARN_ENUM_CONVERSION = YES;
				CLANG_WARN_INFINITE_RECURSION = YES;
				CLANG_WARN_INT_CONVERSION = YES;
				CLANG_WARN_NON_LITERAL_NULL_CONVERSION = YES;
				CLANG_WARN_OBJC_IMPLICIT_RETAIN_SELF = YES;
				CLANG_WARN_OBJC_LITERAL_CONVERSION = YES;
				CLANG_WARN_OBJC_ROOT_CLASS = YES_ERROR;
				CLANG_WARN_QUOTED_INCLUDE_IN_FRAMEWORK_HEADER = YES;
				CLANG_WARN_RANGE_LOOP_ANALYSIS = YES;
				CLANG_WARN_STRICT_PROTOTYPES = YES;
				CLANG_WARN_SUSPICIOUS_MOVE = YES;
				CLANG_WARN_UNGUARDED_AVAILABILITY = YES_AGGRESSIVE;
				CLANG_WARN_UNREACHABLE_CODE = YES;
				CLANG_WARN__DUPLICATE_METHOD_MATCH = YES;
				COPY_PHASE_STRIP = NO;
				DEBUG_INFORMATION_FORMAT = "dwarf-with-dsym";
				ENABLE_NS_ASSERTIONS = NO;
				ENABLE_STRICT_OBJC_MSGSEND = YES;
				ENABLE_USER_SCRIPT_SANDBOXING = YES;
				GCC_C_LANGUAGE_STANDARD = gnu17;
				GCC_NO_COMMON_BLOCKS = YES;
				GCC_WARN_64_TO_32_BIT_CONVERSION = YES;
				GCC_WARN_ABOUT_RETURN_TYPE = YES_ERROR;
				GCC_WARN_UNDECLARED_SELECTOR = YES;
				GCC_WARN_UNINITIALIZED_AUTOS = YES_AGGRESSIVE;
				GCC_WARN_UNUSED_FUNCTION = YES;
				GCC_WARN_UNUSED_VARIABLE = YES;
				IPHONEOS_DEPLOYMENT_TARGET = 15.0;
				LOCALIZATION_PREFERS_STRING_CATALOGS = YES;
				MTL_ENABLE_DEBUG_INFO = NO;
				MTL_FAST_MATH = YES;
				SDKROOT = iphoneos;
				SWIFT_COMPILATION_MODE = wholemodule;
				VALIDATE_PRODUCT = YES;
			};
			name = Release;
		};
		E68577DD2C45308200A95283 /* Debug */ = {
			isa = XCBuildConfiguration;
			buildSettings = {
				ALWAYS_EMBED_SWIFT_STANDARD_LIBRARIES = YES;
				ASSETCATALOG_COMPILER_APPICON_NAME = AppIcon;
				ASSETCATALOG_COMPILER_GLOBAL_ACCENT_COLOR_NAME = AccentColor;
				CODE_SIGN_ENTITLEMENTS = oqloq/oqloq.entitlements;
				CODE_SIGN_STYLE = Automatic;
				CURRENT_PROJECT_VERSION = 1;
				DEVELOPMENT_ASSET_PATHS = "\"oqloq/Preview Content\"";
				DEVELOPMENT_TEAM = RPQ3VF2JBZ;
				ENABLE_PREVIEWS = YES;
				GENERATE_INFOPLIST_FILE = YES;
				INFOPLIST_KEY_UIApplicationSceneManifest_Generation = YES;
				INFOPLIST_KEY_UIApplicationSupportsIndirectInputEvents = YES;
				INFOPLIST_KEY_UILaunchScreen_Generation = YES;
				INFOPLIST_KEY_UISupportedInterfaceOrientations = UIInterfaceOrientationPortrait;
				INFOPLIST_KEY_UISupportedInterfaceOrientations_iPad = "UIInterfaceOrientationLandscapeLeft UIInterfaceOrientationLandscapeRight UIInterfaceOrientationPortrait UIInterfaceOrientationPortraitUpsideDown";
				LD_RUNPATH_SEARCH_PATHS = (
					"$(inherited)",
					"@executable_path/Frameworks",
				);
				MARKETING_VERSION = 1.1;
				PRODUCT_BUNDLE_IDENTIFIER = mfsaglam.routineClock;
				PRODUCT_NAME = "$(TARGET_NAME)";
				SWIFT_EMIT_LOC_STRINGS = YES;
				SWIFT_VERSION = 5.0;
				TARGETED_DEVICE_FAMILY = "1,2";
			};
			name = Debug;
		};
		E68577DE2C45308200A95283 /* Release */ = {
			isa = XCBuildConfiguration;
			buildSettings = {
				ALWAYS_EMBED_SWIFT_STANDARD_LIBRARIES = YES;
				ASSETCATALOG_COMPILER_APPICON_NAME = AppIcon;
				ASSETCATALOG_COMPILER_GLOBAL_ACCENT_COLOR_NAME = AccentColor;
				CODE_SIGN_ENTITLEMENTS = oqloq/oqloq.entitlements;
				CODE_SIGN_STYLE = Automatic;
				CURRENT_PROJECT_VERSION = 1;
				DEVELOPMENT_ASSET_PATHS = "\"oqloq/Preview Content\"";
				DEVELOPMENT_TEAM = RPQ3VF2JBZ;
				ENABLE_PREVIEWS = YES;
				GENERATE_INFOPLIST_FILE = YES;
				INFOPLIST_KEY_UIApplicationSceneManifest_Generation = YES;
				INFOPLIST_KEY_UIApplicationSupportsIndirectInputEvents = YES;
				INFOPLIST_KEY_UILaunchScreen_Generation = YES;
				INFOPLIST_KEY_UISupportedInterfaceOrientations = UIInterfaceOrientationPortrait;
				INFOPLIST_KEY_UISupportedInterfaceOrientations_iPad = "UIInterfaceOrientationLandscapeLeft UIInterfaceOrientationLandscapeRight UIInterfaceOrientationPortrait UIInterfaceOrientationPortraitUpsideDown";
				LD_RUNPATH_SEARCH_PATHS = (
					"$(inherited)",
					"@executable_path/Frameworks",
				);
				MARKETING_VERSION = 1.1;
				PRODUCT_BUNDLE_IDENTIFIER = mfsaglam.routineClock;
				PRODUCT_NAME = "$(TARGET_NAME)";
				SWIFT_EMIT_LOC_STRINGS = YES;
				SWIFT_VERSION = 5.0;
				TARGETED_DEVICE_FAMILY = "1,2";
			};
			name = Release;
		};
		E68577E02C45308200A95283 /* Debug */ = {
			isa = XCBuildConfiguration;
			buildSettings = {
				ALWAYS_EMBED_SWIFT_STANDARD_LIBRARIES = YES;
				BUNDLE_LOADER = "$(TEST_HOST)";
				CODE_SIGN_STYLE = Automatic;
				CURRENT_PROJECT_VERSION = 1;
				DEVELOPMENT_TEAM = QNNWN5YKMZ;
				GENERATE_INFOPLIST_FILE = YES;
				IPHONEOS_DEPLOYMENT_TARGET = 17.5;
				MARKETING_VERSION = 1.0;
				PRODUCT_BUNDLE_IDENTIFIER = mfsaglam.oqloqTests;
				PRODUCT_NAME = "$(TARGET_NAME)";
				SWIFT_EMIT_LOC_STRINGS = NO;
				SWIFT_VERSION = 5.0;
				TARGETED_DEVICE_FAMILY = "1,2";
				TEST_HOST = "$(BUILT_PRODUCTS_DIR)/oqloq.app/$(BUNDLE_EXECUTABLE_FOLDER_PATH)/oqloq";
			};
			name = Debug;
		};
		E68577E12C45308200A95283 /* Release */ = {
			isa = XCBuildConfiguration;
			buildSettings = {
				ALWAYS_EMBED_SWIFT_STANDARD_LIBRARIES = YES;
				BUNDLE_LOADER = "$(TEST_HOST)";
				CODE_SIGN_STYLE = Automatic;
				CURRENT_PROJECT_VERSION = 1;
				DEVELOPMENT_TEAM = QNNWN5YKMZ;
				GENERATE_INFOPLIST_FILE = YES;
				IPHONEOS_DEPLOYMENT_TARGET = 17.5;
				MARKETING_VERSION = 1.0;
				PRODUCT_BUNDLE_IDENTIFIER = mfsaglam.oqloqTests;
				PRODUCT_NAME = "$(TARGET_NAME)";
				SWIFT_EMIT_LOC_STRINGS = NO;
				SWIFT_VERSION = 5.0;
				TARGETED_DEVICE_FAMILY = "1,2";
				TEST_HOST = "$(BUILT_PRODUCTS_DIR)/oqloq.app/$(BUNDLE_EXECUTABLE_FOLDER_PATH)/oqloq";
			};
			name = Release;
		};
		E68577E32C45308200A95283 /* Debug */ = {
			isa = XCBuildConfiguration;
			buildSettings = {
				ALWAYS_EMBED_SWIFT_STANDARD_LIBRARIES = YES;
				CODE_SIGN_STYLE = Automatic;
				CURRENT_PROJECT_VERSION = 1;
				DEVELOPMENT_TEAM = QNNWN5YKMZ;
				GENERATE_INFOPLIST_FILE = YES;
				MARKETING_VERSION = 1.0;
				PRODUCT_BUNDLE_IDENTIFIER = mfsaglam.oqloqUITests;
				PRODUCT_NAME = "$(TARGET_NAME)";
				SWIFT_EMIT_LOC_STRINGS = NO;
				SWIFT_VERSION = 5.0;
				TARGETED_DEVICE_FAMILY = "1,2";
				TEST_TARGET_NAME = oqloq;
			};
			name = Debug;
		};
		E68577E42C45308200A95283 /* Release */ = {
			isa = XCBuildConfiguration;
			buildSettings = {
				ALWAYS_EMBED_SWIFT_STANDARD_LIBRARIES = YES;
				CODE_SIGN_STYLE = Automatic;
				CURRENT_PROJECT_VERSION = 1;
				DEVELOPMENT_TEAM = QNNWN5YKMZ;
				GENERATE_INFOPLIST_FILE = YES;
				MARKETING_VERSION = 1.0;
				PRODUCT_BUNDLE_IDENTIFIER = mfsaglam.oqloqUITests;
				PRODUCT_NAME = "$(TARGET_NAME)";
				SWIFT_EMIT_LOC_STRINGS = NO;
				SWIFT_VERSION = 5.0;
				TARGETED_DEVICE_FAMILY = "1,2";
				TEST_TARGET_NAME = oqloq;
			};
			name = Release;
		};
/* End XCBuildConfiguration section */

/* Begin XCConfigurationList section */
		126E59452D062577005BC718 /* Build configuration list for PBXNativeTarget "oqloqWidgetExtension" */ = {
			isa = XCConfigurationList;
			buildConfigurations = (
				126E59432D062577005BC718 /* Debug */,
				126E59442D062577005BC718 /* Release */,
			);
			defaultConfigurationIsVisible = 0;
			defaultConfigurationName = Release;
		};
		E68577B32C45308000A95283 /* Build configuration list for PBXProject "oqloq" */ = {
			isa = XCConfigurationList;
			buildConfigurations = (
				E68577DA2C45308200A95283 /* Debug */,
				E68577DB2C45308200A95283 /* Release */,
			);
			defaultConfigurationIsVisible = 0;
			defaultConfigurationName = Release;
		};
		E68577DC2C45308200A95283 /* Build configuration list for PBXNativeTarget "oqloq" */ = {
			isa = XCConfigurationList;
			buildConfigurations = (
				E68577DD2C45308200A95283 /* Debug */,
				E68577DE2C45308200A95283 /* Release */,
			);
			defaultConfigurationIsVisible = 0;
			defaultConfigurationName = Release;
		};
		E68577DF2C45308200A95283 /* Build configuration list for PBXNativeTarget "oqloqTests" */ = {
			isa = XCConfigurationList;
			buildConfigurations = (
				E68577E02C45308200A95283 /* Debug */,
				E68577E12C45308200A95283 /* Release */,
			);
			defaultConfigurationIsVisible = 0;
			defaultConfigurationName = Release;
		};
		E68577E22C45308200A95283 /* Build configuration list for PBXNativeTarget "oqloqUITests" */ = {
			isa = XCConfigurationList;
			buildConfigurations = (
				E68577E32C45308200A95283 /* Debug */,
				E68577E42C45308200A95283 /* Release */,
			);
			defaultConfigurationIsVisible = 0;
			defaultConfigurationName = Release;
		};
/* End XCConfigurationList section */

/* Begin XCRemoteSwiftPackageReference section */
		E695677B2C70F7C500826C9B /* XCRemoteSwiftPackageReference "realm-swift" */ = {
			isa = XCRemoteSwiftPackageReference;
			repositoryURL = "https://github.com/realm/realm-swift";
			requirement = {
				branch = master;
				kind = branch;
			};
		};
/* End XCRemoteSwiftPackageReference section */

/* Begin XCSwiftPackageProductDependency section */
		E695677D2C70F8E300826C9B /* RealmSwift */ = {
			isa = XCSwiftPackageProductDependency;
			package = E695677B2C70F7C500826C9B /* XCRemoteSwiftPackageReference "realm-swift" */;
			productName = RealmSwift;
		};
/* End XCSwiftPackageProductDependency section */
	};
	rootObject = E68577B02C45308000A95283 /* Project object */;
}
