// !$*UTF8*$!
{
	archiveVersion = 1;
	classes = {
	};
	objectVersion = 56;
	objects = {

/* Begin PBXBuildFile section */
		E68577BC2C45308000A95283 /* oqloqApp.swift in Sources */ = {isa = PBXBuildFile; fileRef = E68577BB2C45308000A95283 /* oqloqApp.swift */; };
		E68577BE2C45308000A95283 /* HomeView.swift in Sources */ = {isa = PBXBuildFile; fileRef = E68577BD2C45308000A95283 /* HomeView.swift */; };
		E68577C02C45308100A95283 /* Assets.xcassets in Resources */ = {isa = PBXBuildFile; fileRef = E68577BF2C45308100A95283 /* Assets.xcassets */; };
		E68577C32C45308100A95283 /* Preview Assets.xcassets in Resources */ = {isa = PBXBuildFile; fileRef = E68577C22C45308100A95283 /* Preview Assets.xcassets */; };
		E68577CD2C45308200A95283 /* oqloqTests.swift in Sources */ = {isa = PBXBuildFile; fileRef = E68577CC2C45308200A95283 /* oqloqTests.swift */; };
		E68577D72C45308200A95283 /* oqloqUITests.swift in Sources */ = {isa = PBXBuildFile; fileRef = E68577D62C45308200A95283 /* oqloqUITests.swift */; };
		E68577D92C45308200A95283 /* oqloqUITestsLaunchTests.swift in Sources */ = {isa = PBXBuildFile; fileRef = E68577D82C45308200A95283 /* oqloqUITestsLaunchTests.swift */; };
/* End PBXBuildFile section */

/* Begin PBXContainerItemProxy section */
		E68577C92C45308200A95283 /* PBXContainerItemProxy */ = {
			isa = PBXContainerItemProxy;
			containerPortal = E68577B02C45308000A95283 /* Project object */;
			proxyType = 1;
			remoteGlobalIDString = E68577B72C45308000A95283;
			remoteInfo = oqloq;
		};
		E68577D32C45308200A95283 /* PBXContainerItemProxy */ = {
			isa = PBXContainerItemProxy;
			containerPortal = E68577B02C45308000A95283 /* Project object */;
			proxyType = 1;
			remoteGlobalIDString = E68577B72C45308000A95283;
			remoteInfo = oqloq;
		};
/* End PBXContainerItemProxy section */

/* Begin PBXFileReference section */
		E68577B82C45308000A95283 /* oqloq.app */ = {isa = PBXFileReference; explicitFileType = wrapper.application; includeInIndex = 0; path = oqloq.app; sourceTree = BUILT_PRODUCTS_DIR; };
		E68577BB2C45308000A95283 /* oqloqApp.swift */ = {isa = PBXFileReference; lastKnownFileType = sourcecode.swift; path = oqloqApp.swift; sourceTree = "<group>"; };
		E68577BD2C45308000A95283 /* HomeView.swift */ = {isa = PBXFileReference; lastKnownFileType = sourcecode.swift; path = HomeView.swift; sourceTree = "<group>"; };
		E68577BF2C45308100A95283 /* Assets.xcassets */ = {isa = PBXFileReference; lastKnownFileType = folder.assetcatalog; path = Assets.xcassets; sourceTree = "<group>"; };
		E68577C22C45308100A95283 /* Preview Assets.xcassets */ = {isa = PBXFileReference; lastKnownFileType = folder.assetcatalog; path = "Preview Assets.xcassets"; sourceTree = "<group>"; };
		E68577C82C45308200A95283 /* oqloqTests.xctest */ = {isa = PBXFileReference; explicitFileType = wrapper.cfbundle; includeInIndex = 0; path = oqloqTests.xctest; sourceTree = BUILT_PRODUCTS_DIR; };
		E68577CC2C45308200A95283 /* oqloqTests.swift */ = {isa = PBXFileReference; lastKnownFileType = sourcecode.swift; path = oqloqTests.swift; sourceTree = "<group>"; };
		E68577D22C45308200A95283 /* oqloqUITests.xctest */ = {isa = PBXFileReference; explicitFileType = wrapper.cfbundle; includeInIndex = 0; path = oqloqUITests.xctest; sourceTree = BUILT_PRODUCTS_DIR; };
		E68577D62C45308200A95283 /* oqloqUITests.swift */ = {isa = PBXFileReference; lastKnownFileType = sourcecode.swift; path = oqloqUITests.swift; sourceTree = "<group>"; };
		E68577D82C45308200A95283 /* oqloqUITestsLaunchTests.swift */ = {isa = PBXFileReference; lastKnownFileType = sourcecode.swift; path = oqloqUITestsLaunchTests.swift; sourceTree = "<group>"; };
/* End PBXFileReference section */

/* Begin PBXFrameworksBuildPhase section */
		E68577B52C45308000A95283 /* Frameworks */ = {
			isa = PBXFrameworksBuildPhase;
			buildActionMask = 2147483647;
			files = (
			);
			runOnlyForDeploymentPostprocessing = 0;
		};
		E68577C52C45308200A95283 /* Frameworks */ = {
			isa = PBXFrameworksBuildPhase;
			buildActionMask = 2147483647;
			files = (
			);
			runOnlyForDeploymentPostprocessing = 0;
		};
		E68577CF2C45308200A95283 /* Frameworks */ = {
			isa = PBXFrameworksBuildPhase;
			buildActionMask = 2147483647;
			files = (
			);
			runOnlyForDeploymentPostprocessing = 0;
		};
/* End PBXFrameworksBuildPhase section */

/* Begin PBXGroup section */
		E68577AF2C45308000A95283 = {
			isa = PBXGroup;
			children = (
				E68577BA2C45308000A95283 /* oqloq */,
				E68577CB2C45308200A95283 /* oqloqTests */,
				E68577D52C45308200A95283 /* oqloqUITests */,
				E68577B92C45308000A95283 /* Products */,
			);
			sourceTree = "<group>";
		};
		E68577B92C45308000A95283 /* Products */ = {
			isa = PBXGroup;
			children = (
				E68577B82C45308000A95283 /* oqloq.app */,
				E68577C82C45308200A95283 /* oqloqTests.xctest */,
				E68577D22C45308200A95283 /* oqloqUITests.xctest */,
			);
			name = Products;
			sourceTree = "<group>";
		};
		E68577BA2C45308000A95283 /* oqloq */ = {
			isa = PBXGroup;
			children = (
				E68577BB2C45308000A95283 /* oqloqApp.swift */,
				E68577BD2C45308000A95283 /* HomeView.swift */,
				E68577BF2C45308100A95283 /* Assets.xcassets */,
				E68577C12C45308100A95283 /* Preview Content */,
			);
			path = oqloq;
			sourceTree = "<group>";
		};
		E68577C12C45308100A95283 /* Preview Content */ = {
			isa = PBXGroup;
			children = (
				E68577C22C45308100A95283 /* Preview Assets.xcassets */,
			);
			path = "Preview Content";
			sourceTree = "<group>";
		};
		E68577CB2C45308200A95283 /* oqloqTests */ = {
			isa = PBXGroup;
			children = (
				E68577CC2C45308200A95283 /* oqloqTests.swift */,
			);
			path = oqloqTests;
			sourceTree = "<group>";
		};
		E68577D52C45308200A95283 /* oqloqUITests */ = {
			isa = PBXGroup;
			children = (
				E68577D62C45308200A95283 /* oqloqUITests.swift */,
				E68577D82C45308200A95283 /* oqloqUITestsLaunchTests.swift */,
			);
			path = oqloqUITests;
			sourceTree = "<group>";
		};
/* End PBXGroup section */

/* Begin PBXNativeTarget section */
		E68577B72C45308000A95283 /* oqloq */ = {
			isa = PBXNativeTarget;
			buildConfigurationList = E68577DC2C45308200A95283 /* Build configuration list for PBXNativeTarget "oqloq" */;
			buildPhases = (
				E68577B42C45308000A95283 /* Sources */,
				E68577B52C45308000A95283 /* Frameworks */,
				E68577B62C45308000A95283 /* Resources */,
			);
			buildRules = (
			);
			dependencies = (
			);
			name = oqloq;
			productName = oqloq;
			productReference = E68577B82C45308000A95283 /* oqloq.app */;
			productType = "com.apple.product-type.application";
		};
		E68577C72C45308200A95283 /* oqloqTests */ = {
			isa = PBXNativeTarget;
			buildConfigurationList = E68577DF2C45308200A95283 /* Build configuration list for PBXNativeTarget "oqloqTests" */;
			buildPhases = (
				E68577C42C45308200A95283 /* Sources */,
				E68577C52C45308200A95283 /* Frameworks */,
				E68577C62C45308200A95283 /* Resources */,
			);
			buildRules = (
			);
			dependencies = (
				E68577CA2C45308200A95283 /* PBXTargetDependency */,
			);
			name = oqloqTests;
			productName = oqloqTests;
			productReference = E68577C82C45308200A95283 /* oqloqTests.xctest */;
			productType = "com.apple.product-type.bundle.unit-test";
		};
		E68577D12C45308200A95283 /* oqloqUITests */ = {
			isa = PBXNativeTarget;
			buildConfigurationList = E68577E22C45308200A95283 /* Build configuration list for PBXNativeTarget "oqloqUITests" */;
			buildPhases = (
				E68577CE2C45308200A95283 /* Sources */,
				E68577CF2C45308200A95283 /* Frameworks */,
				E68577D02C45308200A95283 /* Resources */,
			);
			buildRules = (
			);
			dependencies = (
				E68577D42C45308200A95283 /* PBXTargetDependency */,
			);
			name = oqloqUITests;
			productName = oqloqUITests;
			productReference = E68577D22C45308200A95283 /* oqloqUITests.xctest */;
			productType = "com.apple.product-type.bundle.ui-testing";
		};
/* End PBXNativeTarget section */

/* Begin PBXProject section */
		E68577B02C45308000A95283 /* Project object */ = {
			isa = PBXProject;
			attributes = {
				BuildIndependentTargetsInParallel = 1;
				LastSwiftUpdateCheck = 1540;
				LastUpgradeCheck = 1540;
				TargetAttributes = {
					E68577B72C45308000A95283 = {
						CreatedOnToolsVersion = 15.4;
					};
					E68577C72C45308200A95283 = {
						CreatedOnToolsVersion = 15.4;
						TestTargetID = E68577B72C45308000A95283;
					};
					E68577D12C45308200A95283 = {
						CreatedOnToolsVersion = 15.4;
						TestTargetID = E68577B72C45308000A95283;
					};
				};
			};
			buildConfigurationList = E68577B32C45308000A95283 /* Build configuration list for PBXProject "oqloq" */;
			compatibilityVersion = "Xcode 14.0";
			developmentRegion = en;
			hasScannedForEncodings = 0;
			knownRegions = (
				en,
				Base,
			);
			mainGroup = E68577AF2C45308000A95283;
			productRefGroup = E68577B92C45308000A95283 /* Products */;
			projectDirPath = "";
			projectRoot = "";
			targets = (
				E68577B72C45308000A95283 /* oqloq */,
				E68577C72C45308200A95283 /* oqloqTests */,
				E68577D12C45308200A95283 /* oqloqUITests */,
			);
		};
/* End PBXProject section */

/* Begin PBXResourcesBuildPhase section */
		E68577B62C45308000A95283 /* Resources */ = {
			isa = PBXResourcesBuildPhase;
			buildActionMask = 2147483647;
			files = (
				E68577C32C45308100A95283 /* Preview Assets.xcassets in Resources */,
				E68577C02C45308100A95283 /* Assets.xcassets in Resources */,
			);
			runOnlyForDeploymentPostprocessing = 0;
		};
		E68577C62C45308200A95283 /* Resources */ = {
			isa = PBXResourcesBuildPhase;
			buildActionMask = 2147483647;
			files = (
			);
			runOnlyForDeploymentPostprocessing = 0;
		};
		E68577D02C45308200A95283 /* Resources */ = {
			isa = PBXResourcesBuildPhase;
			buildActionMask = 2147483647;
			files = (
			);
			runOnlyForDeploymentPostprocessing = 0;
		};
/* End PBXResourcesBuildPhase section */

/* Begin PBXSourcesBuildPhase section */
		E68577B42C45308000A95283 /* Sources */ = {
			isa = PBXSourcesBuildPhase;
			buildActionMask = 2147483647;
			files = (
				E68577BE2C45308000A95283 /* HomeView.swift in Sources */,
				E68577BC2C45308000A95283 /* oqloqApp.swift in Sources */,
			);
			runOnlyForDeploymentPostprocessing = 0;
		};
		E68577C42C45308200A95283 /* Sources */ = {
			isa = PBXSourcesBuildPhase;
			buildActionMask = 2147483647;
			files = (
				E68577CD2C45308200A95283 /* oqloqTests.swift in Sources */,
			);
			runOnlyForDeploymentPostprocessing = 0;
		};
		E68577CE2C45308200A95283 /* Sources */ = {
			isa = PBXSourcesBuildPhase;
			buildActionMask = 2147483647;
			files = (
				E68577D72C45308200A95283 /* oqloqUITests.swift in Sources */,
				E68577D92C45308200A95283 /* oqloqUITestsLaunchTests.swift in Sources */,
			);
			runOnlyForDeploymentPostprocessing = 0;
		};
/* End PBXSourcesBuildPhase section */

/* Begin PBXTargetDependency section */
		E68577CA2C45308200A95283 /* PBXTargetDependency */ = {
			isa = PBXTargetDependency;
			target = E68577B72C45308000A95283 /* oqloq */;
			targetProxy = E68577C92C45308200A95283 /* PBXContainerItemProxy */;
		};
		E68577D42C45308200A95283 /* PBXTargetDependency */ = {
			isa = PBXTargetDependency;
			target = E68577B72C45308000A95283 /* oqloq */;
			targetProxy = E68577D32C45308200A95283 /* PBXContainerItemProxy */;
		};
/* End PBXTargetDependency section */

/* Begin XCBuildConfiguration section */
		E68577DA2C45308200A95283 /* Debug */ = {
			isa = XCBuildConfiguration;
			buildSettings = {
				ALWAYS_SEARCH_USER_PATHS = NO;
				ASSETCATALOG_COMPILER_GENERATE_SWIFT_ASSET_SYMBOL_EXTENSIONS = YES;
				CLANG_ANALYZER_NONNULL = YES;
				CLANG_ANALYZER_NUMBER_OBJECT_CONVERSION = YES_AGGRESSIVE;
				CLANG_CXX_LANGUAGE_STANDARD = "gnu++20";
				CLANG_ENABLE_MODULES = YES;
				CLANG_ENABLE_OBJC_ARC = YES;
				CLANG_ENABLE_OBJC_WEAK = YES;
				CLANG_WARN_BLOCK_CAPTURE_AUTORELEASING = YES;
				CLANG_WARN_BOOL_CONVERSION = YES;
				CLANG_WARN_COMMA = YES;
				CLANG_WARN_CONSTANT_CONVERSION = YES;
				CLANG_WARN_DEPRECATED_OBJC_IMPLEMENTATIONS = YES;
				CLANG_WARN_DIRECT_OBJC_ISA_USAGE = YES_ERROR;
				CLANG_WARN_DOCUMENTATION_COMMENTS = YES;
				CLANG_WARN_EMPTY_BODY = YES;
				CLANG_WARN_ENUM_CONVERSION = YES;
				CLANG_WARN_INFINITE_RECURSION = YES;
				CLANG_WARN_INT_CONVERSION = YES;
				CLANG_WARN_NON_LITERAL_NULL_CONVERSION = YES;
				CLANG_WARN_OBJC_IMPLICIT_RETAIN_SELF = YES;
				CLANG_WARN_OBJC_LITERAL_CONVERSION = YES;
				CLANG_WARN_OBJC_ROOT_CLASS = YES_ERROR;
				CLANG_WARN_QUOTED_INCLUDE_IN_FRAMEWORK_HEADER = YES;
				CLANG_WARN_RANGE_LOOP_ANALYSIS = YES;
				CLANG_WARN_STRICT_PROTOTYPES = YES;
				CLANG_WARN_SUSPICIOUS_MOVE = YES;
				CLANG_WARN_UNGUARDED_AVAILABILITY = YES_AGGRESSIVE;
				CLANG_WARN_UNREACHABLE_CODE = YES;
				CLANG_WARN__DUPLICATE_METHOD_MATCH = YES;
				COPY_PHASE_STRIP = NO;
				DEBUG_INFORMATION_FORMAT = dwarf;
				ENABLE_STRICT_OBJC_MSGSEND = YES;
				ENABLE_TESTABILITY = YES;
				ENABLE_USER_SCRIPT_SANDBOXING = YES;
				GCC_C_LANGUAGE_STANDARD = gnu17;
				GCC_DYNAMIC_NO_PIC = NO;
				GCC_NO_COMMON_BLOCKS = YES;
				GCC_OPTIMIZATION_LEVEL = 0;
				GCC_PREPROCESSOR_DEFINITIONS = (
					"DEBUG=1",
					"$(inherited)",
				);
				GCC_WARN_64_TO_32_BIT_CONVERSION = YES;
				GCC_WARN_ABOUT_RETURN_TYPE = YES_ERROR;
				GCC_WARN_UNDECLARED_SELECTOR = YES;
				GCC_WARN_UNINITIALIZED_AUTOS = YES_AGGRESSIVE;
				GCC_WARN_UNUSED_FUNCTION = YES;
				GCC_WARN_UNUSED_VARIABLE = YES;
				IPHONEOS_DEPLOYMENT_TARGET = 17.0;
				LOCALIZATION_PREFERS_STRING_CATALOGS = YES;
				MTL_ENABLE_DEBUG_INFO = INCLUDE_SOURCE;
				MTL_FAST_MATH = YES;
				ONLY_ACTIVE_ARCH = YES;
				SDKROOT = iphoneos;
				SWIFT_ACTIVE_COMPILATION_CONDITIONS = "DEBUG $(inherited)";
				SWIFT_OPTIMIZATION_LEVEL = "-Onone";
			};
			name = Debug;
		};
		E68577DB2C45308200A95283 /* Release */ = {
			isa = XCBuildConfiguration;
			buildSettings = {
				ALWAYS_SEARCH_USER_PATHS = NO;
				ASSETCATALOG_COMPILER_GENERATE_SWIFT_ASSET_SYMBOL_EXTENSIONS = YES;
				CLANG_ANALYZER_NONNULL = YES;
				CLANG_ANALYZER_NUMBER_OBJECT_CONVERSION = YES_AGGRESSIVE;
				CLANG_CXX_LANGUAGE_STANDARD = "gnu++20";
				CLANG_ENABLE_MODULES = YES;
				CLANG_ENABLE_OBJC_ARC = YES;
				CLANG_ENABLE_OBJC_WEAK = YES;
				CLANG_WARN_BLOCK_CAPTURE_AUTORELEASING = YES;
				CLANG_WARN_BOOL_CONVERSION = YES;
				CLANG_WARN_COMMA = YES;
				CLANG_WARN_CONSTANT_CONVERSION = YES;
				CLANG_WARN_DEPRECATED_OBJC_IMPLEMENTATIONS = YES;
				CLANG_WARN_DIRECT_OBJC_ISA_USAGE = YES_ERROR;
				CLANG_WARN_DOCUMENTATION_COMMENTS = YES;
				CLANG_WARN_EMPTY_BODY = YES;
				CLANG_WARN_ENUM_CONVERSION = YES;
				CLANG_WARN_INFINITE_RECURSION = YES;
				CLANG_WARN_INT_CONVERSION = YES;
				CLANG_WARN_NON_LITERAL_NULL_CONVERSION = YES;
				CLANG_WARN_OBJC_IMPLICIT_RETAIN_SELF = YES;
				CLANG_WARN_OBJC_LITERAL_CONVERSION = YES;
				CLANG_WARN_OBJC_ROOT_CLASS = YES_ERROR;
				CLANG_WARN_QUOTED_INCLUDE_IN_FRAMEWORK_HEADER = YES;
				CLANG_WARN_RANGE_LOOP_ANALYSIS = YES;
				CLANG_WARN_STRICT_PROTOTYPES = YES;
				CLANG_WARN_SUSPICIOUS_MOVE = YES;
				CLANG_WARN_UNGUARDED_AVAILABILITY = YES_AGGRESSIVE;
				CLANG_WARN_UNREACHABLE_CODE = YES;
				CLANG_WARN__DUPLICATE_METHOD_MATCH = YES;
				COPY_PHASE_STRIP = NO;
				DEBUG_INFORMATION_FORMAT = "dwarf-with-dsym";
				ENABLE_NS_ASSERTIONS = NO;
				ENABLE_STRICT_OBJC_MSGSEND = YES;
				ENABLE_USER_SCRIPT_SANDBOXING = YES;
				GCC_C_LANGUAGE_STANDARD = gnu17;
				GCC_NO_COMMON_BLOCKS = YES;
				GCC_WARN_64_TO_32_BIT_CONVERSION = YES;
				GCC_WARN_ABOUT_RETURN_TYPE = YES_ERROR;
				GCC_WARN_UNDECLARED_SELECTOR = YES;
				GCC_WARN_UNINITIALIZED_AUTOS = YES_AGGRESSIVE;
				GCC_WARN_UNUSED_FUNCTION = YES;
				GCC_WARN_UNUSED_VARIABLE = YES;
				IPHONEOS_DEPLOYMENT_TARGET = 17.0;
				LOCALIZATION_PREFERS_STRING_CATALOGS = YES;
				MTL_ENABLE_DEBUG_INFO = NO;
				MTL_FAST_MATH = YES;
				SDKROOT = iphoneos;
				SWIFT_COMPILATION_MODE = wholemodule;
				VALIDATE_PRODUCT = YES;
			};
			name = Release;
		};
		E68577DD2C45308200A95283 /* Debug */ = {
			isa = XCBuildConfiguration;
			buildSettings = {
				ASSETCATALOG_COMPILER_APPICON_NAME = AppIcon;
				ASSETCATALOG_COMPILER_GLOBAL_ACCENT_COLOR_NAME = AccentColor;
				CODE_SIGN_STYLE = Automatic;
				CURRENT_PROJECT_VERSION = 1;
				DEVELOPMENT_ASSET_PATHS = "\"oqloq/Preview Content\"";
				DEVELOPMENT_TEAM = QNNWN5YKMZ;
				ENABLE_PREVIEWS = YES;
				GENERATE_INFOPLIST_FILE = YES;
				INFOPLIST_KEY_UIApplicationSceneManifest_Generation = YES;
				INFOPLIST_KEY_UIApplicationSupportsIndirectInputEvents = YES;
				INFOPLIST_KEY_UILaunchScreen_Generation = YES;
				INFOPLIST_KEY_UISupportedInterfaceOrientations = UIInterfaceOrientationPortrait;
				INFOPLIST_KEY_UISupportedInterfaceOrientations_iPad = "UIInterfaceOrientationLandscapeLeft UIInterfaceOrientationLandscapeRight UIInterfaceOrientationPortrait UIInterfaceOrientationPortraitUpsideDown";
				LD_RUNPATH_SEARCH_PATHS = (
					"$(inherited)",
					"@executable_path/Frameworks",
				);
				MARKETING_VERSION = 1.0;
				PRODUCT_BUNDLE_IDENTIFIER = mfsaglam.oqloq;
				PRODUCT_NAME = "$(TARGET_NAME)";
				SWIFT_EMIT_LOC_STRINGS = YES;
				SWIFT_VERSION = 5.0;
				TARGETED_DEVICE_FAMILY = "1,2";
			};
			name = Debug;
		};
		E68577DE2C45308200A95283 /* Release */ = {
			isa = XCBuildConfiguration;
			buildSettings = {
				ASSETCATALOG_COMPILER_APPICON_NAME = AppIcon;
				ASSETCATALOG_COMPILER_GLOBAL_ACCENT_COLOR_NAME = AccentColor;
				CODE_SIGN_STYLE = Automatic;
				CURRENT_PROJECT_VERSION = 1;
				DEVELOPMENT_ASSET_PATHS = "\"oqloq/Preview Content\"";
				DEVELOPMENT_TEAM = QNNWN5YKMZ;
				ENABLE_PREVIEWS = YES;
				GENERATE_INFOPLIST_FILE = YES;
				INFOPLIST_KEY_UIApplicationSceneManifest_Generation = YES;
				INFOPLIST_KEY_UIApplicationSupportsIndirectInputEvents = YES;
				INFOPLIST_KEY_UILaunchScreen_Generation = YES;
				INFOPLIST_KEY_UISupportedInterfaceOrientations = UIInterfaceOrientationPortrait;
				INFOPLIST_KEY_UISupportedInterfaceOrientations_iPad = "UIInterfaceOrientationLandscapeLeft UIInterfaceOrientationLandscapeRight UIInterfaceOrientationPortrait UIInterfaceOrientationPortraitUpsideDown";
				LD_RUNPATH_SEARCH_PATHS = (
					"$(inherited)",
					"@executable_path/Frameworks",
				);
				MARKETING_VERSION = 1.0;
				PRODUCT_BUNDLE_IDENTIFIER = mfsaglam.oqloq;
				PRODUCT_NAME = "$(TARGET_NAME)";
				SWIFT_EMIT_LOC_STRINGS = YES;
				SWIFT_VERSION = 5.0;
				TARGETED_DEVICE_FAMILY = "1,2";
			};
			name = Release;
		};
		E68577E02C45308200A95283 /* Debug */ = {
			isa = XCBuildConfiguration;
			buildSettings = {
				ALWAYS_EMBED_SWIFT_STANDARD_LIBRARIES = YES;
				BUNDLE_LOADER = "$(TEST_HOST)";
				CODE_SIGN_STYLE = Automatic;
				CURRENT_PROJECT_VERSION = 1;
				DEVELOPMENT_TEAM = QNNWN5YKMZ;
				GENERATE_INFOPLIST_FILE = YES;
				IPHONEOS_DEPLOYMENT_TARGET = 17.5;
				MARKETING_VERSION = 1.0;
				PRODUCT_BUNDLE_IDENTIFIER = mfsaglam.oqloqTests;
				PRODUCT_NAME = "$(TARGET_NAME)";
				SWIFT_EMIT_LOC_STRINGS = NO;
				SWIFT_VERSION = 5.0;
				TARGETED_DEVICE_FAMILY = "1,2";
				TEST_HOST = "$(BUILT_PRODUCTS_DIR)/oqloq.app/$(BUNDLE_EXECUTABLE_FOLDER_PATH)/oqloq";
			};
			name = Debug;
		};
		E68577E12C45308200A95283 /* Release */ = {
			isa = XCBuildConfiguration;
			buildSettings = {
				ALWAYS_EMBED_SWIFT_STANDARD_LIBRARIES = YES;
				BUNDLE_LOADER = "$(TEST_HOST)";
				CODE_SIGN_STYLE = Automatic;
				CURRENT_PROJECT_VERSION = 1;
				DEVELOPMENT_TEAM = QNNWN5YKMZ;
				GENERATE_INFOPLIST_FILE = YES;
				IPHONEOS_DEPLOYMENT_TARGET = 17.5;
				MARKETING_VERSION = 1.0;
				PRODUCT_BUNDLE_IDENTIFIER = mfsaglam.oqloqTests;
				PRODUCT_NAME = "$(TARGET_NAME)";
				SWIFT_EMIT_LOC_STRINGS = NO;
				SWIFT_VERSION = 5.0;
				TARGETED_DEVICE_FAMILY = "1,2";
				TEST_HOST = "$(BUILT_PRODUCTS_DIR)/oqloq.app/$(BUNDLE_EXECUTABLE_FOLDER_PATH)/oqloq";
			};
			name = Release;
		};
		E68577E32C45308200A95283 /* Debug */ = {
			isa = XCBuildConfiguration;
			buildSettings = {
				ALWAYS_EMBED_SWIFT_STANDARD_LIBRARIES = YES;
				CODE_SIGN_STYLE = Automatic;
				CURRENT_PROJECT_VERSION = 1;
				DEVELOPMENT_TEAM = QNNWN5YKMZ;
				GENERATE_INFOPLIST_FILE = YES;
				MARKETING_VERSION = 1.0;
				PRODUCT_BUNDLE_IDENTIFIER = mfsaglam.oqloqUITests;
				PRODUCT_NAME = "$(TARGET_NAME)";
				SWIFT_EMIT_LOC_STRINGS = NO;
				SWIFT_VERSION = 5.0;
				TARGETED_DEVICE_FAMILY = "1,2";
				TEST_TARGET_NAME = oqloq;
			};
			name = Debug;
		};
		E68577E42C45308200A95283 /* Release */ = {
			isa = XCBuildConfiguration;
			buildSettings = {
				ALWAYS_EMBED_SWIFT_STANDARD_LIBRARIES = YES;
				CODE_SIGN_STYLE = Automatic;
				CURRENT_PROJECT_VERSION = 1;
				DEVELOPMENT_TEAM = QNNWN5YKMZ;
				GENERATE_INFOPLIST_FILE = YES;
				MARKETING_VERSION = 1.0;
				PRODUCT_BUNDLE_IDENTIFIER = mfsaglam.oqloqUITests;
				PRODUCT_NAME = "$(TARGET_NAME)";
				SWIFT_EMIT_LOC_STRINGS = NO;
				SWIFT_VERSION = 5.0;
				TARGETED_DEVICE_FAMILY = "1,2";
				TEST_TARGET_NAME = oqloq;
			};
			name = Release;
		};
/* End XCBuildConfiguration section */

/* Begin XCConfigurationList section */
		E68577B32C45308000A95283 /* Build configuration list for PBXProject "oqloq" */ = {
			isa = XCConfigurationList;
			buildConfigurations = (
				E68577DA2C45308200A95283 /* Debug */,
				E68577DB2C45308200A95283 /* Release */,
			);
			defaultConfigurationIsVisible = 0;
			defaultConfigurationName = Release;
		};
		E68577DC2C45308200A95283 /* Build configuration list for PBXNativeTarget "oqloq" */ = {
			isa = XCConfigurationList;
			buildConfigurations = (
				E68577DD2C45308200A95283 /* Debug */,
				E68577DE2C45308200A95283 /* Release */,
			);
			defaultConfigurationIsVisible = 0;
			defaultConfigurationName = Release;
		};
		E68577DF2C45308200A95283 /* Build configuration list for PBXNativeTarget "oqloqTests" */ = {
			isa = XCConfigurationList;
			buildConfigurations = (
				E68577E02C45308200A95283 /* Debug */,
				E68577E12C45308200A95283 /* Release */,
			);
			defaultConfigurationIsVisible = 0;
			defaultConfigurationName = Release;
		};
		E68577E22C45308200A95283 /* Build configuration list for PBXNativeTarget "oqloqUITests" */ = {
			isa = XCConfigurationList;
			buildConfigurations = (
				E68577E32C45308200A95283 /* Debug */,
				E68577E42C45308200A95283 /* Release */,
			);
			defaultConfigurationIsVisible = 0;
			defaultConfigurationName = Release;
		};
/* End XCConfigurationList section */
	};
	rootObject = E68577B02C45308000A95283 /* Project object */;
}
